
Microsoft Visual Studio Solution File, Format Version 12.00
# Visual Studio Version 17
VisualStudioVersion = 17.7.34221.43
MinimumVisualStudioVersion = 10.0.40219.1
Project("{FAE04EC0-301F-11D3-BF4B-00C04F79EFBC}") = "path_to_space_app", "path_to_space_app\path_to_space_app.csproj", "{8904A71D-6F06-411F-BE17-AF6C864093B9}"
EndProject
Global
	GlobalSection(SolutionConfigurationPlatforms) = preSolution
		Debug|Any CPU = Debug|Any CPU
		Release|Any CPU = Release|Any CPU
	EndGlobalSection
	GlobalSection(ProjectConfigurationPlatforms) = postSolution
		{8904A71D-6F06-411F-BE17-AF6C864093B9}.Debug|Any CPU.ActiveCfg = Debug|Any CPU
		{8904A71D-6F06-411F-BE17-AF6C864093B9}.Debug|Any CPU.Build.0 = Debug|Any CPU
		{8904A71D-6F06-411F-BE17-AF6C864093B9}.Release|Any CPU.ActiveCfg = Release|Any CPU
		{8904A71D-6F06-411F-BE17-AF6C864093B9}.Release|Any CPU.Build.0 = Release|Any CPU
	EndGlobalSection
	GlobalSection(SolutionProperties) = preSolution
		HideSolutionNode = FALSE
	EndGlobalSection
	GlobalSection(ExtensibilityGlobals) = postSolution
		SolutionGuid = {D0B4F3CB-0C67-43A3-8A98-CC3936B06ACF}
	EndGlobalSection
EndGlobal
